
Microsoft Visual Studio Solution File, Format Version 12.00
# Visual Studio Version 17
VisualStudioVersion = 17.8.34330.188
MinimumVisualStudioVersion = 10.0.40219.1
Project("{FAE04EC0-301F-11D3-BF4B-00C04F79EFBC}") = "LINQ_test", "LINQ_test\LINQ_test.csproj", "{6E856CD3-A881-4BE7-8725-7AFE4D76DA81}"
EndProject
Project("{FAE04EC0-301F-11D3-BF4B-00C04F79EFBC}") = "LINQ_data", "LINQ_data\LINQ_data.csproj", "{610B7693-5C96-4B0C-A9F9-1FDE74AABA91}"
EndProject
Project("{FAE04EC0-301F-11D3-BF4B-00C04F79EFBC}") = "LINQ_extetion", "LINQ_extetion\LINQ_extetion.csproj", "{C81C9276-2BBF-4268-A1BA-3D3AE3BBE34F}"
EndProject
Global
	GlobalSection(SolutionConfigurationPlatforms) = preSolution
		Debug|Any CPU = Debug|Any CPU
		Release|Any CPU = Release|Any CPU
	EndGlobalSection
	GlobalSection(ProjectConfigurationPlatforms) = postSolution
		{6E856CD3-A881-4BE7-8725-7AFE4D76DA81}.Debug|Any CPU.ActiveCfg = Debug|Any CPU
		{6E856CD3-A881-4BE7-8725-7AFE4D76DA81}.Debug|Any CPU.Build.0 = Debug|Any CPU
		{6E856CD3-A881-4BE7-8725-7AFE4D76DA81}.Release|Any CPU.ActiveCfg = Release|Any CPU
		{6E856CD3-A881-4BE7-8725-7AFE4D76DA81}.Release|Any CPU.Build.0 = Release|Any CPU
		{610B7693-5C96-4B0C-A9F9-1FDE74AABA91}.Debug|Any CPU.ActiveCfg = Debug|Any CPU
		{610B7693-5C96-4B0C-A9F9-1FDE74AABA91}.Debug|Any CPU.Build.0 = Debug|Any CPU
		{610B7693-5C96-4B0C-A9F9-1FDE74AABA91}.Release|Any CPU.ActiveCfg = Release|Any CPU
		{610B7693-5C96-4B0C-A9F9-1FDE74AABA91}.Release|Any CPU.Build.0 = Release|Any CPU
		{C81C9276-2BBF-4268-A1BA-3D3AE3BBE34F}.Debug|Any CPU.ActiveCfg = Debug|Any CPU
		{C81C9276-2BBF-4268-A1BA-3D3AE3BBE34F}.Debug|Any CPU.Build.0 = Debug|Any CPU
		{C81C9276-2BBF-4268-A1BA-3D3AE3BBE34F}.Release|Any CPU.ActiveCfg = Release|Any CPU
		{C81C9276-2BBF-4268-A1BA-3D3AE3BBE34F}.Release|Any CPU.Build.0 = Release|Any CPU
	EndGlobalSection
	GlobalSection(SolutionProperties) = preSolution
		HideSolutionNode = FALSE
	EndGlobalSection
	GlobalSection(ExtensibilityGlobals) = postSolution
		SolutionGuid = {BB24FBB4-27D6-461E-BC43-CFE3E3615325}
	EndGlobalSection
EndGlobal
